{
  "name": "build-plugin",
  "version": "1.17.0",
  "lockfileVersion": 3,
  "requires": true,
  "packages": {
    "": {
      "name": "build-plugin",
      "version": "1.17.0",
      "bin": {
        "buildctl": "source/skills/build/buildctl/cli.js"
      },
      "engines": {
        "node": ">=20"
      }
    }
  }
}
